
Microsoft Visual Studio Solution File, Format Version 12.00
Project("{FAE04EC0-301F-11D3-BF4B-00C04F79EFBC}") = "MsIdentityReactSpaBareBones", "MsIdentityReactSpaBareBones\MsIdentityReactSpaBareBones.csproj", "{7B8E19E3-F38B-462D-8A36-1E3951C287AB}"
EndProject
Project("{E24C65DC-7377-472B-9ABA-BC803B73C61A}") = "Client", "client-spa\", "{B6124DE9-237F-47AC-9047-35208F63B02B}"
	ProjectSection(WebsiteProperties) = preProject
		TargetFrameworkMoniker = ".NETFramework,Version%3Dv4.0"
		Debug.AspNetCompiler.VirtualPath = "/localhost_53058"
		Debug.AspNetCompiler.PhysicalPath = "ProfileSPA\"
		Debug.AspNetCompiler.TargetPath = "PrecompiledWeb\localhost_53058\"
		Debug.AspNetCompiler.Updateable = "true"
		Debug.AspNetCompiler.ForceOverwrite = "true"
		Debug.AspNetCompiler.FixedNames = "false"
		Debug.AspNetCompiler.Debug = "True"
		Release.AspNetCompiler.VirtualPath = "/localhost_53058"
		Release.AspNetCompiler.PhysicalPath = "ProfileSPA\"
		Release.AspNetCompiler.TargetPath = "PrecompiledWeb\localhost_53058\"
		Release.AspNetCompiler.Updateable = "true"
		Release.AspNetCompiler.ForceOverwrite = "true"
		Release.AspNetCompiler.FixedNames = "false"
		Release.AspNetCompiler.Debug = "False"
		VWDPort = "53058"
		SlnRelativePath = "ProfileSPA\"
	EndProjectSection
EndProject
Global
	GlobalSection(SolutionConfigurationPlatforms) = preSolution
		Debug|Any CPU = Debug|Any CPU
		Release|Any CPU = Release|Any CPU
	EndGlobalSection
	GlobalSection(ProjectConfigurationPlatforms) = postSolution
		{7B8E19E3-F38B-462D-8A36-1E3951C287AB}.Debug|Any CPU.ActiveCfg = Debug|Any CPU
		{7B8E19E3-F38B-462D-8A36-1E3951C287AB}.Debug|Any CPU.Build.0 = Debug|Any CPU
		{7B8E19E3-F38B-462D-8A36-1E3951C287AB}.Release|Any CPU.ActiveCfg = Release|Any CPU
		{7B8E19E3-F38B-462D-8A36-1E3951C287AB}.Release|Any CPU.Build.0 = Release|Any CPU
	EndGlobalSection
EndGlobal
